{
  "nodes": {
    "flake-utils": {
      "locked": {
        "lastModified": 1667395993,
        "narHash": "sha256-nuEHfE/LcWyuSWnS8t12N1wc105Qtau+/OdUAjtQ0rA=",
        "owner": "numtide",
        "repo": "flake-utils",
        "rev": "5aed5285a952e0b949eb3ba02c12fa4fcfef535f",
        "type": "github"
      },
      "original": {
        "owner": "numtide",
        "repo": "flake-utils",
        "type": "github"
      }
    },
    "flake-utils_2": {
      "locked": {
        "lastModified": 1656928814,
        "narHash": "sha256-RIFfgBuKz6Hp89yRr7+NR5tzIAbn52h8vT6vXkYjZoM=",
        "owner": "numtide",
        "repo": "flake-utils",
        "rev": "7e2a3b3dfd9af950a856d66b0a7d01e3c18aa249",
        "type": "github"
      },
      "original": {
        "owner": "numtide",
        "repo": "flake-utils",
        "type": "github"
      }
    },
    "flake-utils_3": {
      "locked": {
        "lastModified": 1667395993,
        "narHash": "sha256-nuEHfE/LcWyuSWnS8t12N1wc105Qtau+/OdUAjtQ0rA=",
        "owner": "numtide",
        "repo": "flake-utils",
        "rev": "5aed5285a952e0b949eb3ba02c12fa4fcfef535f",
        "type": "github"
      },
      "original": {
        "owner": "numtide",
        "repo": "flake-utils",
        "type": "github"
      }
    },
    "flake-utils_4": {
      "locked": {
        "lastModified": 1667395993,
        "narHash": "sha256-nuEHfE/LcWyuSWnS8t12N1wc105Qtau+/OdUAjtQ0rA=",
        "owner": "numtide",
        "repo": "flake-utils",
        "rev": "5aed5285a952e0b949eb3ba02c12fa4fcfef535f",
        "type": "github"
      },
      "original": {
        "owner": "numtide",
        "repo": "flake-utils",
        "type": "github"
      }
    },
    "flake-utils_5": {
      "locked": {
        "lastModified": 1667395993,
        "narHash": "sha256-nuEHfE/LcWyuSWnS8t12N1wc105Qtau+/OdUAjtQ0rA=",
        "owner": "numtide",
        "repo": "flake-utils",
        "rev": "5aed5285a952e0b949eb3ba02c12fa4fcfef535f",
        "type": "github"
      },
      "original": {
        "owner": "numtide",
        "repo": "flake-utils",
        "type": "github"
      }
    },
    "flake-utils_6": {
      "locked": {
        "lastModified": 1659877975,
        "narHash": "sha256-zllb8aq3YO3h8B/U0/J1WBgAL8EX5yWf5pMj3G0NAmc=",
        "owner": "numtide",
        "repo": "flake-utils",
        "rev": "c0e246b9b83f637f4681389ecabcb2681b4f3af0",
        "type": "github"
      },
      "original": {
        "owner": "numtide",
        "repo": "flake-utils",
        "type": "github"
      }
    },
    "flake-utils_7": {
      "locked": {
        "lastModified": 1667395993,
        "narHash": "sha256-nuEHfE/LcWyuSWnS8t12N1wc105Qtau+/OdUAjtQ0rA=",
        "owner": "numtide",
        "repo": "flake-utils",
        "rev": "5aed5285a952e0b949eb3ba02c12fa4fcfef535f",
        "type": "github"
      },
      "original": {
        "owner": "numtide",
        "repo": "flake-utils",
        "type": "github"
      }
    },
    "flake-utils_8": {
      "locked": {
        "lastModified": 1648297722,
        "narHash": "sha256-W+qlPsiZd8F3XkzXOzAoR+mpFqzm3ekQkJNa+PIh1BQ=",
        "owner": "numtide",
        "repo": "flake-utils",
        "rev": "0f8662f1319ad6abf89b3380dd2722369fc51ade",
        "type": "github"
      },
      "original": {
        "owner": "numtide",
        "repo": "flake-utils",
        "type": "github"
      }
    },
    "lean": {
      "inputs": {
        "flake-utils": "flake-utils_2",
        "lean4-mode": "lean4-mode",
        "nix": "nix",
        "nixpkgs": "nixpkgs_2"
      },
      "locked": {
        "lastModified": 1672400730,
        "narHash": "sha256-4rQwHI/1mByWY4QAFRAA97vNXd8KNDeM40l877RanyI=",
        "owner": "leanprover",
        "repo": "lean4",
        "rev": "b6eb7801445366d2441b2f1ace19a2c37e15c535",
        "type": "github"
      },
      "original": {
        "owner": "leanprover",
        "repo": "lean4",
        "type": "github"
      }
    },
    "lean-std": {
      "inputs": {
        "flake-utils": "flake-utils_4",
        "lean": [
          "megaparsec",
          "lean"
        ],
        "nixpkgs": "nixpkgs_3"
      },
      "locked": {
        "lastModified": 1671025729,
        "narHash": "sha256-n5b0HuGa6r5JzrN7iJ2jVFPthhGW5+cTAev72v437+g=",
        "owner": "Anderssorby",
        "repo": "std4",
        "rev": "0b3b2bd2e33e16293bdfe7a5061bf52a04486675",
        "type": "github"
      },
      "original": {
        "owner": "Anderssorby",
        "repo": "std4",
        "type": "github"
      }
    },
    "lean-std_2": {
      "inputs": {
        "flake-utils": "flake-utils_7",
        "lean": [
          "megaparsec",
          "yatima-std",
          "lean"
        ],
        "nixpkgs": "nixpkgs_5"
      },
      "locked": {
        "lastModified": 1671025729,
        "narHash": "sha256-n5b0HuGa6r5JzrN7iJ2jVFPthhGW5+cTAev72v437+g=",
        "owner": "Anderssorby",
        "repo": "std4",
        "rev": "0b3b2bd2e33e16293bdfe7a5061bf52a04486675",
        "type": "github"
      },
      "original": {
        "owner": "Anderssorby",
        "repo": "std4",
        "type": "github"
      }
    },
    "lean4-mode": {
      "flake": false,
      "locked": {
        "lastModified": 1659020985,
        "narHash": "sha256-+dRaXB7uvN/weSZiKcfSKWhcdJVNg9Vg8k0pJkDNjpc=",
        "owner": "leanprover",
        "repo": "lean4-mode",
        "rev": "37d5c99b7b29c80ab78321edd6773200deb0bca6",
        "type": "github"
      },
      "original": {
        "owner": "leanprover",
        "repo": "lean4-mode",
        "type": "github"
      }
    },
    "lowdown-src": {
      "flake": false,
      "locked": {
        "lastModified": 1633514407,
        "narHash": "sha256-Dw32tiMjdK9t3ETl5fzGrutQTzh2rufgZV4A/BbxuD4=",
        "owner": "kristapsdz",
        "repo": "lowdown",
        "rev": "d2c2b44ff6c27b936ec27358a2653caaef8f73b8",
        "type": "github"
      },
      "original": {
        "owner": "kristapsdz",
        "repo": "lowdown",
        "type": "github"
      }
    },
    "megaparsec": {
      "inputs": {
        "flake-utils": "flake-utils_3",
        "lean": [
          "lean"
        ],
        "lean-std": "lean-std",
        "nixpkgs": [
          "nixpkgs"
        ],
        "straume": "straume",
        "yatima-std": "yatima-std"
      },
      "locked": {
        "lastModified": 1671806793,
        "narHash": "sha256-LvGTADyXGnRMn/CtyVQT7LN8YDjTnsJd8g6K9A4Th70=",
        "owner": "anderssorby",
        "repo": "Megaparsec.lean",
        "rev": "80760cac9082d5dfd48da1b5c9243b4cc0d291a6",
        "type": "github"
      },
      "original": {
        "owner": "anderssorby",
        "repo": "Megaparsec.lean",
        "type": "github"
      }
    },
    "nix": {
      "inputs": {
        "lowdown-src": "lowdown-src",
        "nixpkgs": "nixpkgs",
        "nixpkgs-regression": "nixpkgs-regression"
      },
      "locked": {
        "lastModified": 1657097207,
        "narHash": "sha256-SmeGmjWM3fEed3kQjqIAO8VpGmkC2sL1aPE7kKpK650=",
        "owner": "NixOS",
        "repo": "nix",
        "rev": "f6316b49a0c37172bca87ede6ea8144d7d89832f",
        "type": "github"
      },
      "original": {
        "owner": "NixOS",
        "repo": "nix",
        "type": "github"
      }
    },
    "nixpkgs": {
      "locked": {
        "lastModified": 1653988320,
        "narHash": "sha256-ZaqFFsSDipZ6KVqriwM34T739+KLYJvNmCWzErjAg7c=",
        "owner": "NixOS",
        "repo": "nixpkgs",
        "rev": "2fa57ed190fd6c7c746319444f34b5917666e5c1",
        "type": "github"
      },
      "original": {
        "owner": "NixOS",
        "ref": "nixos-22.05-small",
        "repo": "nixpkgs",
        "type": "github"
      }
    },
    "nixpkgs-regression": {
      "locked": {
        "lastModified": 1643052045,
        "narHash": "sha256-uGJ0VXIhWKGXxkeNnq4TvV3CIOkUJ3PAoLZ3HMzNVMw=",
        "owner": "NixOS",
        "repo": "nixpkgs",
        "rev": "215d4d0fd80ca5163643b03a33fde804a29cc1e2",
        "type": "github"
      },
      "original": {
        "owner": "NixOS",
        "repo": "nixpkgs",
        "rev": "215d4d0fd80ca5163643b03a33fde804a29cc1e2",
        "type": "github"
      }
    },
    "nixpkgs_2": {
      "locked": {
        "lastModified": 1657208011,
        "narHash": "sha256-BlIFwopAykvdy1DYayEkj6ZZdkn+cVgPNX98QVLc0jM=",
        "owner": "NixOS",
        "repo": "nixpkgs",
        "rev": "2770cc0b1e8faa0e20eb2c6aea64c256a706d4f2",
        "type": "github"
      },
      "original": {
        "owner": "NixOS",
        "ref": "nixpkgs-unstable",
        "repo": "nixpkgs",
        "type": "github"
      }
    },
    "nixpkgs_3": {
      "locked": {
        "lastModified": 1670929434,
        "narHash": "sha256-n5UBO6XBV4h3TB7FYu2yAuNQMEYOrQyKeODUwKe06ow=",
        "owner": "nixos",
        "repo": "nixpkgs",
        "rev": "1710ed1f6f8ceb75cf7d1cf55ee0cc21760e1c7a",
        "type": "github"
      },
      "original": {
        "owner": "nixos",
        "ref": "nixos-unstable",
        "repo": "nixpkgs",
        "type": "github"
      }
    },
    "nixpkgs_4": {
      "locked": {
        "lastModified": 1671359686,
        "narHash": "sha256-3MpC6yZo+Xn9cPordGz2/ii6IJpP2n8LE8e/ebUXLrs=",
        "owner": "nixos",
        "repo": "nixpkgs",
        "rev": "04f574a1c0fde90b51bf68198e2297ca4e7cccf4",
        "type": "github"
      },
      "original": {
        "owner": "nixos",
        "ref": "nixos-unstable",
        "repo": "nixpkgs",
        "type": "github"
      }
    },
    "nixpkgs_5": {
      "locked": {
        "lastModified": 1670929434,
        "narHash": "sha256-n5UBO6XBV4h3TB7FYu2yAuNQMEYOrQyKeODUwKe06ow=",
        "owner": "nixos",
        "repo": "nixpkgs",
        "rev": "1710ed1f6f8ceb75cf7d1cf55ee0cc21760e1c7a",
        "type": "github"
      },
      "original": {
        "owner": "nixos",
        "ref": "nixos-unstable",
        "repo": "nixpkgs",
        "type": "github"
      }
    },
    "nixpkgs_6": {
      "locked": {
        "lastModified": 1661361016,
        "narHash": "sha256-Bjf6ZDnDc6glTwIIItvwfcaeJ5zWFM6GYfPajSArdUY=",
        "owner": "NixOS",
        "repo": "nixpkgs",
        "rev": "b784c5ae63dd288375af1b4d37b8a27dd8061887",
        "type": "github"
      },
      "original": {
        "id": "nixpkgs",
        "ref": "nixos-unstable",
        "type": "indirect"
      }
    },
    "nixpkgs_7": {
      "locked": {
        "lastModified": 1672350804,
        "narHash": "sha256-jo6zkiCabUBn3ObuKXHGqqORUMH27gYDIFFfLq5P4wg=",
        "owner": "nixos",
        "repo": "nixpkgs",
        "rev": "677ed08a50931e38382dbef01cba08a8f7eac8f6",
        "type": "github"
      },
      "original": {
        "owner": "nixos",
        "ref": "nixos-unstable",
        "repo": "nixpkgs",
        "type": "github"
      }
    },
    "parsec": {
      "inputs": {
        "flake-utils": "flake-utils_8",
        "lean": [
          "lean"
        ],
        "nixpkgs": [
          "nixpkgs"
        ]
      },
      "locked": {
        "lastModified": 1650536741,
        "narHash": "sha256-VdTrI13+nS3QCGj2ootqFMsx/WA/y22e4TxFVAG8IyA=",
        "owner": "yatima-inc",
        "repo": "Parsec.lean",
        "rev": "aa3f83103db4f0d8e60c48f8771647cd1ffd224d",
        "type": "github"
      },
      "original": {
        "owner": "yatima-inc",
        "repo": "Parsec.lean",
        "type": "github"
      }
    },
    "root": {
      "inputs": {
        "flake-utils": "flake-utils",
        "lean": "lean",
        "megaparsec": "megaparsec",
        "nixpkgs": "nixpkgs_7",
        "parsec": "parsec"
      }
    },
    "straume": {
      "inputs": {
        "flake-utils": "flake-utils_5",
        "lean": [
          "megaparsec",
          "lean"
        ],
        "nixpkgs": "nixpkgs_4",
        "yatima-std": [
          "megaparsec",
          "yatima-std"
        ]
      },
      "locked": {
        "lastModified": 1671665748,
        "narHash": "sha256-aWBpNOGgF34hWdgxHi/vfC/CMVXptjyVygzPi6/nki4=",
        "owner": "anderssorby",
        "repo": "straume",
        "rev": "fe8012791cf9041c282999bc9feb8af07f4bc990",
        "type": "github"
      },
      "original": {
        "owner": "anderssorby",
        "repo": "straume",
        "type": "github"
      }
    },
    "yatima-std": {
      "inputs": {
        "flake-utils": "flake-utils_6",
        "lean": [
          "megaparsec",
          "lean"
        ],
        "lean-std": "lean-std_2",
        "nixpkgs": "nixpkgs_6"
      },
      "locked": {
        "lastModified": 1671047859,
        "narHash": "sha256-ehW6BHR9zYH89RJBZRUuUd9HgwYeXZaAXVJbCDmgRbw=",
        "owner": "Anderssorby",
        "repo": "YatimaStdLib.lean",
        "rev": "603e317e92da57b5571135a7531cbd09a2c1ab7a",
        "type": "github"
      },
      "original": {
        "owner": "Anderssorby",
        "repo": "YatimaStdLib.lean",
        "type": "github"
      }
    }
  },
  "root": "root",
  "version": 7
}
